
Microsoft Visual Studio Solution File, Format Version 12.00
# Visual Studio Version 17
VisualStudioVersion = 17.0.31912.275
MinimumVisualStudioVersion = 10.0.40219.1
Project("{FAE04EC0-301F-11D3-BF4B-00C04F79EFBC}") = "Codility", "Codility\Codility.csproj", "{F2DA6A1D-A149-4B5C-B070-1DAA57882458}"
EndProject
Global
	GlobalSection(SolutionConfigurationPlatforms) = preSolution
		Debug|Any CPU = Debug|Any CPU
		Release|Any CPU = Release|Any CPU
	EndGlobalSection
	GlobalSection(ProjectConfigurationPlatforms) = postSolution
		{F2DA6A1D-A149-4B5C-B070-1DAA57882458}.Debug|Any CPU.ActiveCfg = Debug|Any CPU
		{F2DA6A1D-A149-4B5C-B070-1DAA57882458}.Debug|Any CPU.Build.0 = Debug|Any CPU
		{F2DA6A1D-A149-4B5C-B070-1DAA57882458}.Release|Any CPU.ActiveCfg = Release|Any CPU
		{F2DA6A1D-A149-4B5C-B070-1DAA57882458}.Release|Any CPU.Build.0 = Release|Any CPU
	EndGlobalSection
	GlobalSection(SolutionProperties) = preSolution
		HideSolutionNode = FALSE
	EndGlobalSection
	GlobalSection(ExtensibilityGlobals) = postSolution
		SolutionGuid = {35AEC028-9343-43C1-A6F2-B84E55F8037B}
	EndGlobalSection
EndGlobal
